
Microsoft Visual Studio Solution File, Format Version 12.00
# Visual Studio 14
VisualStudioVersion = 14.0.25123.0
MinimumVisualStudioVersion = 10.0.40219.1
Project("{FAE04EC0-301F-11D3-BF4B-00C04F79EFBC}") = "Factory", "Factory\Factory.csproj", "{B4A07446-96F7-41FA-8FAC-FD0884C72422}"
EndProject
Project("{FAE04EC0-301F-11D3-BF4B-00C04F79EFBC}") = "AbstractFactory", "AbstractFactory\AbstractFactory.csproj", "{4D5CF76E-5A1B-40F9-B22F-6D658D111BAA}"
EndProject
Project("{FAE04EC0-301F-11D3-BF4B-00C04F79EFBC}") = "Builder", "Builder\Builder.csproj", "{B65B4005-ECE9-4116-A4E4-98E6C3F18464}"
EndProject
Project("{FAE04EC0-301F-11D3-BF4B-00C04F79EFBC}") = "Prototype", "Prototype\Prototype.csproj", "{2B3E7B5B-92DC-41BB-883B-3840C6F977BF}"
EndProject
Project("{FAE04EC0-301F-11D3-BF4B-00C04F79EFBC}") = "Singleton", "Singleton\Singleton.csproj", "{AFCCD4E6-43E9-4108-9618-E15BBB6A5939}"
EndProject
Project("{FAE04EC0-301F-11D3-BF4B-00C04F79EFBC}") = "Command", "Command\Command.csproj", "{74B1C1A2-590C-4D28-B8DB-75C8898C6FE8}"
EndProject
Project("{FAE04EC0-301F-11D3-BF4B-00C04F79EFBC}") = "Interpreter", "Interpreter\Interpreter.csproj", "{FA710267-8204-4A2E-B5AE-F00A047497FF}"
EndProject
Project("{FAE04EC0-301F-11D3-BF4B-00C04F79EFBC}") = "Iterator", "Iterator\Iterator.csproj", "{AAD3897D-77FE-4DB9-A11F-5DC3E7A417A2}"
EndProject
Project("{FAE04EC0-301F-11D3-BF4B-00C04F79EFBC}") = "Mediator", "Mediator\Mediator.csproj", "{43C1C158-2EE8-465B-80B8-E37ADB84DCC5}"
EndProject
Project("{FAE04EC0-301F-11D3-BF4B-00C04F79EFBC}") = "Memento", "Memento\Memento.csproj", "{E3A38D46-03F2-4DC6-8A41-B6AA6A2BEC63}"
EndProject
Project("{FAE04EC0-301F-11D3-BF4B-00C04F79EFBC}") = "Observer", "Observer\Observer.csproj", "{C89C5127-91D5-468C-87EE-01DDF94B7C3E}"
EndProject
Global
	GlobalSection(SolutionConfigurationPlatforms) = preSolution
		Debug|Any CPU = Debug|Any CPU
		Release|Any CPU = Release|Any CPU
	EndGlobalSection
	GlobalSection(ProjectConfigurationPlatforms) = postSolution
		{B4A07446-96F7-41FA-8FAC-FD0884C72422}.Debug|Any CPU.ActiveCfg = Debug|Any CPU
		{B4A07446-96F7-41FA-8FAC-FD0884C72422}.Debug|Any CPU.Build.0 = Debug|Any CPU
		{B4A07446-96F7-41FA-8FAC-FD0884C72422}.Release|Any CPU.ActiveCfg = Release|Any CPU
		{B4A07446-96F7-41FA-8FAC-FD0884C72422}.Release|Any CPU.Build.0 = Release|Any CPU
		{4D5CF76E-5A1B-40F9-B22F-6D658D111BAA}.Debug|Any CPU.ActiveCfg = Debug|Any CPU
		{4D5CF76E-5A1B-40F9-B22F-6D658D111BAA}.Debug|Any CPU.Build.0 = Debug|Any CPU
		{4D5CF76E-5A1B-40F9-B22F-6D658D111BAA}.Release|Any CPU.ActiveCfg = Release|Any CPU
		{4D5CF76E-5A1B-40F9-B22F-6D658D111BAA}.Release|Any CPU.Build.0 = Release|Any CPU
		{B65B4005-ECE9-4116-A4E4-98E6C3F18464}.Debug|Any CPU.ActiveCfg = Debug|Any CPU
		{B65B4005-ECE9-4116-A4E4-98E6C3F18464}.Debug|Any CPU.Build.0 = Debug|Any CPU
		{B65B4005-ECE9-4116-A4E4-98E6C3F18464}.Release|Any CPU.ActiveCfg = Release|Any CPU
		{B65B4005-ECE9-4116-A4E4-98E6C3F18464}.Release|Any CPU.Build.0 = Release|Any CPU
		{2B3E7B5B-92DC-41BB-883B-3840C6F977BF}.Debug|Any CPU.ActiveCfg = Debug|Any CPU
		{2B3E7B5B-92DC-41BB-883B-3840C6F977BF}.Debug|Any CPU.Build.0 = Debug|Any CPU
		{2B3E7B5B-92DC-41BB-883B-3840C6F977BF}.Release|Any CPU.ActiveCfg = Release|Any CPU
		{2B3E7B5B-92DC-41BB-883B-3840C6F977BF}.Release|Any CPU.Build.0 = Release|Any CPU
		{AFCCD4E6-43E9-4108-9618-E15BBB6A5939}.Debug|Any CPU.ActiveCfg = Debug|Any CPU
		{AFCCD4E6-43E9-4108-9618-E15BBB6A5939}.Debug|Any CPU.Build.0 = Debug|Any CPU
		{AFCCD4E6-43E9-4108-9618-E15BBB6A5939}.Release|Any CPU.ActiveCfg = Release|Any CPU
		{AFCCD4E6-43E9-4108-9618-E15BBB6A5939}.Release|Any CPU.Build.0 = Release|Any CPU
		{74B1C1A2-590C-4D28-B8DB-75C8898C6FE8}.Debug|Any CPU.ActiveCfg = Debug|Any CPU
		{74B1C1A2-590C-4D28-B8DB-75C8898C6FE8}.Debug|Any CPU.Build.0 = Debug|Any CPU
		{74B1C1A2-590C-4D28-B8DB-75C8898C6FE8}.Release|Any CPU.ActiveCfg = Release|Any CPU
		{74B1C1A2-590C-4D28-B8DB-75C8898C6FE8}.Release|Any CPU.Build.0 = Release|Any CPU
		{FA710267-8204-4A2E-B5AE-F00A047497FF}.Debug|Any CPU.ActiveCfg = Debug|Any CPU
		{FA710267-8204-4A2E-B5AE-F00A047497FF}.Debug|Any CPU.Build.0 = Debug|Any CPU
		{FA710267-8204-4A2E-B5AE-F00A047497FF}.Release|Any CPU.ActiveCfg = Release|Any CPU
		{FA710267-8204-4A2E-B5AE-F00A047497FF}.Release|Any CPU.Build.0 = Release|Any CPU
		{AAD3897D-77FE-4DB9-A11F-5DC3E7A417A2}.Debug|Any CPU.ActiveCfg = Debug|Any CPU
		{AAD3897D-77FE-4DB9-A11F-5DC3E7A417A2}.Debug|Any CPU.Build.0 = Debug|Any CPU
		{AAD3897D-77FE-4DB9-A11F-5DC3E7A417A2}.Release|Any CPU.ActiveCfg = Release|Any CPU
		{AAD3897D-77FE-4DB9-A11F-5DC3E7A417A2}.Release|Any CPU.Build.0 = Release|Any CPU
		{43C1C158-2EE8-465B-80B8-E37ADB84DCC5}.Debug|Any CPU.ActiveCfg = Debug|Any CPU
		{43C1C158-2EE8-465B-80B8-E37ADB84DCC5}.Debug|Any CPU.Build.0 = Debug|Any CPU
		{43C1C158-2EE8-465B-80B8-E37ADB84DCC5}.Release|Any CPU.ActiveCfg = Release|Any CPU
		{43C1C158-2EE8-465B-80B8-E37ADB84DCC5}.Release|Any CPU.Build.0 = Release|Any CPU
		{E3A38D46-03F2-4DC6-8A41-B6AA6A2BEC63}.Debug|Any CPU.ActiveCfg = Debug|Any CPU
		{E3A38D46-03F2-4DC6-8A41-B6AA6A2BEC63}.Debug|Any CPU.Build.0 = Debug|Any CPU
		{E3A38D46-03F2-4DC6-8A41-B6AA6A2BEC63}.Release|Any CPU.ActiveCfg = Release|Any CPU
		{E3A38D46-03F2-4DC6-8A41-B6AA6A2BEC63}.Release|Any CPU.Build.0 = Release|Any CPU
		{C89C5127-91D5-468C-87EE-01DDF94B7C3E}.Debug|Any CPU.ActiveCfg = Debug|Any CPU
		{C89C5127-91D5-468C-87EE-01DDF94B7C3E}.Debug|Any CPU.Build.0 = Debug|Any CPU
		{C89C5127-91D5-468C-87EE-01DDF94B7C3E}.Release|Any CPU.ActiveCfg = Release|Any CPU
		{C89C5127-91D5-468C-87EE-01DDF94B7C3E}.Release|Any CPU.Build.0 = Release|Any CPU
	EndGlobalSection
	GlobalSection(SolutionProperties) = preSolution
		HideSolutionNode = FALSE
	EndGlobalSection
EndGlobal
